<Solution>
  <Project Path="PhotoArchive.API/PhotoArchive.API.csproj" />
  <Project Path="PhotoArchive.Cleaner/PhotoArchive.Cleaner.csproj" />
  <Project Path="PhotoArchive.Core/PhotoArchive.Core.csproj" />
  <Project Path="PhotoArchive.Domain/PhotoArchive.Domain.csproj" />
  <Project Path="PhotoArchive.Import/PhotoArchive.Import.csproj" />
  <Project Path="PhotoArchive.Infrastructure/PhotoArchive.Infrastructure.csproj" />
</Solution>
